
Microsoft Visual Studio Solution File, Format Version 12.00
# Visual Studio 15
VisualStudioVersion = 15.0.27703.2035
MinimumVisualStudioVersion = 10.0.40219.1
Project("{9A19103F-16F7-4668-BE54-9A1E7A4F7556}") = "LambdaFunction", "AWSLambda\LambdaFunction.csproj", "{6B067FDA-215E-4630-A376-44270F079F80}"
EndProject
Project("{9A19103F-16F7-4668-BE54-9A1E7A4F7556}") = "LambdaFunction.Tests", "AWSLambda.Tests\LambdaFunction.Tests.csproj", "{BBB6ACB6-F152-4A17-8750-B68E6719A80B}"
EndProject
Global
	GlobalSection(SolutionConfigurationPlatforms) = preSolution
		Debug|Any CPU = Debug|Any CPU
		Release|Any CPU = Release|Any CPU
	EndGlobalSection
	GlobalSection(ProjectConfigurationPlatforms) = postSolution
		{6B067FDA-215E-4630-A376-44270F079F80}.Debug|Any CPU.ActiveCfg = Debug|Any CPU
		{6B067FDA-215E-4630-A376-44270F079F80}.Debug|Any CPU.Build.0 = Debug|Any CPU
		{6B067FDA-215E-4630-A376-44270F079F80}.Release|Any CPU.ActiveCfg = Release|Any CPU
		{6B067FDA-215E-4630-A376-44270F079F80}.Release|Any CPU.Build.0 = Release|Any CPU
		{BBB6ACB6-F152-4A17-8750-B68E6719A80B}.Debug|Any CPU.ActiveCfg = Debug|Any CPU
		{BBB6ACB6-F152-4A17-8750-B68E6719A80B}.Debug|Any CPU.Build.0 = Debug|Any CPU
		{BBB6ACB6-F152-4A17-8750-B68E6719A80B}.Release|Any CPU.ActiveCfg = Release|Any CPU
		{BBB6ACB6-F152-4A17-8750-B68E6719A80B}.Release|Any CPU.Build.0 = Release|Any CPU
	EndGlobalSection
	GlobalSection(SolutionProperties) = preSolution
		HideSolutionNode = FALSE
	EndGlobalSection
	GlobalSection(ExtensibilityGlobals) = postSolution
		SolutionGuid = {A5FC1766-C672-4F47-AE35-A15672CC06EE}
	EndGlobalSection
EndGlobal
